
Microsoft Visual Studio Solution File, Format Version 12.00
# Visual Studio 15
VisualStudioVersion = 15.0.27130.2036
MinimumVisualStudioVersion = 10.0.40219.1
Project("{2150E333-8FDC-42A3-9474-1A3956D46DE8}") = "Framework", "Framework", "{91719C40-AD0E-464E-8303-FEC7469A3A31}"
EndProject
Project("{9A19103F-16F7-4668-BE54-9A1E7A4F7556}") = "TrackMyJob.Framework", "TrackMyJob.Framework\TrackMyJob.Framework.csproj", "{3A82FFC8-3FF9-4E5F-A348-9E6726E3DA2D}"
EndProject
Project("{9A19103F-16F7-4668-BE54-9A1E7A4F7556}") = "TrackMyJob.Api", "TrackMyJob.Api\TrackMyJob.Api.csproj", "{F5A252A0-0271-4ABE-BDCA-51E5FC8B9434}"
EndProject
Project("{9A19103F-16F7-4668-BE54-9A1E7A4F7556}") = "TrackMyJob.Domain", "TrackMyJob.Domain\TrackMyJob.Domain.csproj", "{1555B46B-73D6-487D-A262-E8393541D717}"
EndProject
Project("{9A19103F-16F7-4668-BE54-9A1E7A4F7556}") = "TrackMyJob.Infrastructure", "TrackMyJob.Infrastructure\TrackMyJob.Infrastructure.csproj", "{1EE6A9BE-9681-4AE8-A616-A4A304733481}"
EndProject
Project("{9A19103F-16F7-4668-BE54-9A1E7A4F7556}") = "TrackMyJob.UnitTest", "TrackMyJob.UnitTest\TrackMyJob.UnitTest.csproj", "{4EADC784-25C7-4E27-9B62-1DC5488FB68A}"
EndProject
Global
	GlobalSection(SolutionConfigurationPlatforms) = preSolution
		Debug|Any CPU = Debug|Any CPU
		Release|Any CPU = Release|Any CPU
	EndGlobalSection
	GlobalSection(ProjectConfigurationPlatforms) = postSolution
		{3A82FFC8-3FF9-4E5F-A348-9E6726E3DA2D}.Debug|Any CPU.ActiveCfg = Debug|Any CPU
		{3A82FFC8-3FF9-4E5F-A348-9E6726E3DA2D}.Debug|Any CPU.Build.0 = Debug|Any CPU
		{3A82FFC8-3FF9-4E5F-A348-9E6726E3DA2D}.Release|Any CPU.ActiveCfg = Release|Any CPU
		{3A82FFC8-3FF9-4E5F-A348-9E6726E3DA2D}.Release|Any CPU.Build.0 = Release|Any CPU
		{F5A252A0-0271-4ABE-BDCA-51E5FC8B9434}.Debug|Any CPU.ActiveCfg = Debug|Any CPU
		{F5A252A0-0271-4ABE-BDCA-51E5FC8B9434}.Debug|Any CPU.Build.0 = Debug|Any CPU
		{F5A252A0-0271-4ABE-BDCA-51E5FC8B9434}.Release|Any CPU.ActiveCfg = Release|Any CPU
		{F5A252A0-0271-4ABE-BDCA-51E5FC8B9434}.Release|Any CPU.Build.0 = Release|Any CPU
		{1555B46B-73D6-487D-A262-E8393541D717}.Debug|Any CPU.ActiveCfg = Debug|Any CPU
		{1555B46B-73D6-487D-A262-E8393541D717}.Debug|Any CPU.Build.0 = Debug|Any CPU
		{1555B46B-73D6-487D-A262-E8393541D717}.Release|Any CPU.ActiveCfg = Release|Any CPU
		{1555B46B-73D6-487D-A262-E8393541D717}.Release|Any CPU.Build.0 = Release|Any CPU
		{1EE6A9BE-9681-4AE8-A616-A4A304733481}.Debug|Any CPU.ActiveCfg = Debug|Any CPU
		{1EE6A9BE-9681-4AE8-A616-A4A304733481}.Debug|Any CPU.Build.0 = Debug|Any CPU
		{1EE6A9BE-9681-4AE8-A616-A4A304733481}.Release|Any CPU.ActiveCfg = Release|Any CPU
		{1EE6A9BE-9681-4AE8-A616-A4A304733481}.Release|Any CPU.Build.0 = Release|Any CPU
		{4EADC784-25C7-4E27-9B62-1DC5488FB68A}.Debug|Any CPU.ActiveCfg = Debug|Any CPU
		{4EADC784-25C7-4E27-9B62-1DC5488FB68A}.Debug|Any CPU.Build.0 = Debug|Any CPU
		{4EADC784-25C7-4E27-9B62-1DC5488FB68A}.Release|Any CPU.ActiveCfg = Release|Any CPU
		{4EADC784-25C7-4E27-9B62-1DC5488FB68A}.Release|Any CPU.Build.0 = Release|Any CPU
	EndGlobalSection
	GlobalSection(SolutionProperties) = preSolution
		HideSolutionNode = FALSE
	EndGlobalSection
	GlobalSection(NestedProjects) = preSolution
		{3A82FFC8-3FF9-4E5F-A348-9E6726E3DA2D} = {91719C40-AD0E-464E-8303-FEC7469A3A31}
	EndGlobalSection
	GlobalSection(ExtensibilityGlobals) = postSolution
		SolutionGuid = {3C67DC20-F946-4FE4-92CF-3A513B3B826C}
	EndGlobalSection
EndGlobal
